
Microsoft Visual Studio Solution File, Format Version 12.00
# Visual Studio Version 16
VisualStudioVersion = 16.0.30804.86
MinimumVisualStudioVersion = 10.0.40219.1
Project("{9A19103F-16F7-4668-BE54-9A1E7A4F7556}") = "NicoConvitoSviluppo", "NicoConvitoSviluppo\NicoConvitoSviluppo.csproj", "{143E121A-9774-4A83-A7A2-0FFC31DB67A3}"
EndProject
Project("{FAE04EC0-301F-11D3-BF4B-00C04F79EFBC}") = "MetodiTariffe", "MetodiTariffe\MetodiTariffe.csproj", "{0C6F3FA3-6F53-46E0-870B-34D39ED64265}"
EndProject
Global
	GlobalSection(SolutionConfigurationPlatforms) = preSolution
		Debug|Any CPU = Debug|Any CPU
		Release|Any CPU = Release|Any CPU
	EndGlobalSection
	GlobalSection(ProjectConfigurationPlatforms) = postSolution
		{143E121A-9774-4A83-A7A2-0FFC31DB67A3}.Debug|Any CPU.ActiveCfg = Debug|Any CPU
		{143E121A-9774-4A83-A7A2-0FFC31DB67A3}.Debug|Any CPU.Build.0 = Debug|Any CPU
		{143E121A-9774-4A83-A7A2-0FFC31DB67A3}.Release|Any CPU.ActiveCfg = Release|Any CPU
		{143E121A-9774-4A83-A7A2-0FFC31DB67A3}.Release|Any CPU.Build.0 = Release|Any CPU
		{0C6F3FA3-6F53-46E0-870B-34D39ED64265}.Debug|Any CPU.ActiveCfg = Debug|Any CPU
		{0C6F3FA3-6F53-46E0-870B-34D39ED64265}.Debug|Any CPU.Build.0 = Debug|Any CPU
		{0C6F3FA3-6F53-46E0-870B-34D39ED64265}.Release|Any CPU.ActiveCfg = Release|Any CPU
		{0C6F3FA3-6F53-46E0-870B-34D39ED64265}.Release|Any CPU.Build.0 = Release|Any CPU
	EndGlobalSection
	GlobalSection(SolutionProperties) = preSolution
		HideSolutionNode = FALSE
	EndGlobalSection
	GlobalSection(ExtensibilityGlobals) = postSolution
		SolutionGuid = {FF0AD15B-5861-4199-94F0-FE039CD3942D}
	EndGlobalSection
EndGlobal
